
Microsoft Visual Studio Solution File, Format Version 12.00
# Visual Studio Version 16
VisualStudioVersion = 16.0.32228.343
MinimumVisualStudioVersion = 10.0.40219.1
Project("{FAE04EC0-301F-11D3-BF4B-00C04F79EFBC}") = "DependencyPropertyDemo", "DependencyPropertyDemo\DependencyPropertyDemo.csproj", "{22AAE1ED-FE81-4DFB-AE60-5063DF8C70FB}"
EndProject
Global
	GlobalSection(SolutionConfigurationPlatforms) = preSolution
		Debug|Any CPU = Debug|Any CPU
		Release|Any CPU = Release|Any CPU
	EndGlobalSection
	GlobalSection(ProjectConfigurationPlatforms) = postSolution
		{22AAE1ED-FE81-4DFB-AE60-5063DF8C70FB}.Debug|Any CPU.ActiveCfg = Debug|Any CPU
		{22AAE1ED-FE81-4DFB-AE60-5063DF8C70FB}.Debug|Any CPU.Build.0 = Debug|Any CPU
		{22AAE1ED-FE81-4DFB-AE60-5063DF8C70FB}.Release|Any CPU.ActiveCfg = Release|Any CPU
		{22AAE1ED-FE81-4DFB-AE60-5063DF8C70FB}.Release|Any CPU.Build.0 = Release|Any CPU
	EndGlobalSection
	GlobalSection(SolutionProperties) = preSolution
		HideSolutionNode = FALSE
	EndGlobalSection
	GlobalSection(ExtensibilityGlobals) = postSolution
		SolutionGuid = {32FE93DC-4632-44EE-88F5-24EA53D50D34}
	EndGlobalSection
EndGlobal
